// !$*UTF8*$!
{
	archiveVersion = 1;
	classes = {
	};
	objectVersion = 50;
	objects = {

/* Begin PBXBuildFile section */
		AC302008249A94A90033890F /* DrawAnimateView.swift in Sources */ = {isa = PBXBuildFile; fileRef = AC302007249A94A90033890F /* DrawAnimateView.swift */; };
		AC30200A249A95FA0033890F /* ShapesView.swift in Sources */ = {isa = PBXBuildFile; fileRef = AC302009249A95FA0033890F /* ShapesView.swift */; };
		AC30200C249A96E40033890F /* PathView.swift in Sources */ = {isa = PBXBuildFile; fileRef = AC30200B249A96E40033890F /* PathView.swift */; };
		AC30200E249A99AB0033890F /* AnimateView.swift in Sources */ = {isa = PBXBuildFile; fileRef = AC30200D249A99AB0033890F /* AnimateView.swift */; };
		AC302010249AB6190033890F /* TranistionView.swift in Sources */ = {isa = PBXBuildFile; fileRef = AC30200F249AB6190033890F /* TranistionView.swift */; };
		AC302013249ABCC20033890F /* ObserveObjectView.swift in Sources */ = {isa = PBXBuildFile; fileRef = AC302012249ABCC20033890F /* ObserveObjectView.swift */; };
		AC302015249ABCD10033890F /* EnviromentView.swift in Sources */ = {isa = PBXBuildFile; fileRef = AC302014249ABCD10033890F /* EnviromentView.swift */; };
		AC8B3A9F249A7BAD0066CFDB /* PresentationView.swift in Sources */ = {isa = PBXBuildFile; fileRef = AC8B3A9E249A7BAD0066CFDB /* PresentationView.swift */; };
		AC8B3AA1249A84420066CFDB /* FullSheetModal.swift in Sources */ = {isa = PBXBuildFile; fileRef = AC8B3AA0249A84420066CFDB /* FullSheetModal.swift */; };
		AC8B3AA3249A852A0066CFDB /* ListDetailView.swift in Sources */ = {isa = PBXBuildFile; fileRef = AC8B3AA2249A852A0066CFDB /* ListDetailView.swift */; };
		AC8B3AA5249A860B0066CFDB /* HomeView.swift in Sources */ = {isa = PBXBuildFile; fileRef = AC8B3AA4249A860B0066CFDB /* HomeView.swift */; };
		AC8B3AA8249A88A00066CFDB /* GenericListView.swift in Sources */ = {isa = PBXBuildFile; fileRef = AC8B3AA7249A88A00066CFDB /* GenericListView.swift */; };
		AC8B3AAA249A89350066CFDB /* FormView.swift in Sources */ = {isa = PBXBuildFile; fileRef = AC8B3AA9249A89350066CFDB /* FormView.swift */; };
		ACADB74A2499D5160049D5D1 /* AppDelegate.swift in Sources */ = {isa = PBXBuildFile; fileRef = ACADB7492499D5160049D5D1 /* AppDelegate.swift */; };
		ACADB74C2499D5160049D5D1 /* SceneDelegate.swift in Sources */ = {isa = PBXBuildFile; fileRef = ACADB74B2499D5160049D5D1 /* SceneDelegate.swift */; };
		ACADB7502499D5180049D5D1 /* Assets.xcassets in Resources */ = {isa = PBXBuildFile; fileRef = ACADB74F2499D5180049D5D1 /* Assets.xcassets */; };
		ACADB7532499D5180049D5D1 /* Preview Assets.xcassets in Resources */ = {isa = PBXBuildFile; fileRef = ACADB7522499D5180049D5D1 /* Preview Assets.xcassets */; };
		ACADB7562499D5180049D5D1 /* LaunchScreen.storyboard in Resources */ = {isa = PBXBuildFile; fileRef = ACADB7542499D5180049D5D1 /* LaunchScreen.storyboard */; };
		ACADB75E2499DCA70049D5D1 /* ListsView.swift in Sources */ = {isa = PBXBuildFile; fileRef = ACADB75D2499DCA70049D5D1 /* ListsView.swift */; };
		ACADB7672499E8330049D5D1 /* TabOneView.swift in Sources */ = {isa = PBXBuildFile; fileRef = ACADB7662499E8330049D5D1 /* TabOneView.swift */; };
		ACADB7692499E8430049D5D1 /* TabTwoView.swift in Sources */ = {isa = PBXBuildFile; fileRef = ACADB7682499E8430049D5D1 /* TabTwoView.swift */; };
		ACADB76B2499EB9C0049D5D1 /* TabViews.swift in Sources */ = {isa = PBXBuildFile; fileRef = ACADB76A2499EB9C0049D5D1 /* TabViews.swift */; };
		ACE45668249B1F9100BA755B /* HorzScrollCards.swift in Sources */ = {isa = PBXBuildFile; fileRef = ACE45667249B1F9100BA755B /* HorzScrollCards.swift */; };
		ACE4566B249B204900BA755B /* Course.swift in Sources */ = {isa = PBXBuildFile; fileRef = ACE4566A249B204900BA755B /* Course.swift */; };
		ACE4566D249B23F100BA755B /* CardView.swift in Sources */ = {isa = PBXBuildFile; fileRef = ACE4566C249B23F100BA755B /* CardView.swift */; };
/* End PBXBuildFile section */

/* Begin PBXFileReference section */
		AC302007249A94A90033890F /* DrawAnimateView.swift */ = {isa = PBXFileReference; lastKnownFileType = sourcecode.swift; path = DrawAnimateView.swift; sourceTree = "<group>"; };
		AC302009249A95FA0033890F /* ShapesView.swift */ = {isa = PBXFileReference; lastKnownFileType = sourcecode.swift; path = ShapesView.swift; sourceTree = "<group>"; };
		AC30200B249A96E40033890F /* PathView.swift */ = {isa = PBXFileReference; lastKnownFileType = sourcecode.swift; path = PathView.swift; sourceTree = "<group>"; };
		AC30200D249A99AB0033890F /* AnimateView.swift */ = {isa = PBXFileReference; lastKnownFileType = sourcecode.swift; path = AnimateView.swift; sourceTree = "<group>"; };
		AC30200F249AB6190033890F /* TranistionView.swift */ = {isa = PBXFileReference; lastKnownFileType = sourcecode.swift; path = TranistionView.swift; sourceTree = "<group>"; };
		AC302012249ABCC20033890F /* ObserveObjectView.swift */ = {isa = PBXFileReference; lastKnownFileType = sourcecode.swift; path = ObserveObjectView.swift; sourceTree = "<group>"; };
		AC302014249ABCD10033890F /* EnviromentView.swift */ = {isa = PBXFileReference; lastKnownFileType = sourcecode.swift; path = EnviromentView.swift; sourceTree = "<group>"; };
		AC8B3A9E249A7BAD0066CFDB /* PresentationView.swift */ = {isa = PBXFileReference; lastKnownFileType = sourcecode.swift; path = PresentationView.swift; sourceTree = "<group>"; };
		AC8B3AA0249A84420066CFDB /* FullSheetModal.swift */ = {isa = PBXFileReference; lastKnownFileType = sourcecode.swift; path = FullSheetModal.swift; sourceTree = "<group>"; };
		AC8B3AA2249A852A0066CFDB /* ListDetailView.swift */ = {isa = PBXFileReference; lastKnownFileType = sourcecode.swift; path = ListDetailView.swift; sourceTree = "<group>"; };
		AC8B3AA4249A860B0066CFDB /* HomeView.swift */ = {isa = PBXFileReference; lastKnownFileType = sourcecode.swift; path = HomeView.swift; sourceTree = "<group>"; };
		AC8B3AA7249A88A00066CFDB /* GenericListView.swift */ = {isa = PBXFileReference; lastKnownFileType = sourcecode.swift; path = GenericListView.swift; sourceTree = "<group>"; };
		AC8B3AA9249A89350066CFDB /* FormView.swift */ = {isa = PBXFileReference; lastKnownFileType = sourcecode.swift; path = FormView.swift; sourceTree = "<group>"; };
		ACADB7462499D5160049D5D1 /* SwiftUI Practice.app */ = {isa = PBXFileReference; explicitFileType = wrapper.application; includeInIndex = 0; path = "SwiftUI Practice.app"; sourceTree = BUILT_PRODUCTS_DIR; };
		ACADB7492499D5160049D5D1 /* AppDelegate.swift */ = {isa = PBXFileReference; lastKnownFileType = sourcecode.swift; path = AppDelegate.swift; sourceTree = "<group>"; };
		ACADB74B2499D5160049D5D1 /* SceneDelegate.swift */ = {isa = PBXFileReference; lastKnownFileType = sourcecode.swift; path = SceneDelegate.swift; sourceTree = "<group>"; };
		ACADB74F2499D5180049D5D1 /* Assets.xcassets */ = {isa = PBXFileReference; lastKnownFileType = folder.assetcatalog; path = Assets.xcassets; sourceTree = "<group>"; };
		ACADB7522499D5180049D5D1 /* Preview Assets.xcassets */ = {isa = PBXFileReference; lastKnownFileType = folder.assetcatalog; path = "Preview Assets.xcassets"; sourceTree = "<group>"; };
		ACADB7552499D5180049D5D1 /* Base */ = {isa = PBXFileReference; lastKnownFileType = file.storyboard; name = Base; path = Base.lproj/LaunchScreen.storyboard; sourceTree = "<group>"; };
		ACADB7572499D5180049D5D1 /* Info.plist */ = {isa = PBXFileReference; lastKnownFileType = text.plist.xml; path = Info.plist; sourceTree = "<group>"; };
		ACADB75D2499DCA70049D5D1 /* ListsView.swift */ = {isa = PBXFileReference; lastKnownFileType = sourcecode.swift; path = ListsView.swift; sourceTree = "<group>"; };
		ACADB7662499E8330049D5D1 /* TabOneView.swift */ = {isa = PBXFileReference; lastKnownFileType = sourcecode.swift; path = TabOneView.swift; sourceTree = "<group>"; };
		ACADB7682499E8430049D5D1 /* TabTwoView.swift */ = {isa = PBXFileReference; lastKnownFileType = sourcecode.swift; path = TabTwoView.swift; sourceTree = "<group>"; };
		ACADB76A2499EB9C0049D5D1 /* TabViews.swift */ = {isa = PBXFileReference; lastKnownFileType = sourcecode.swift; path = TabViews.swift; sourceTree = "<group>"; };
		ACE45667249B1F9100BA755B /* HorzScrollCards.swift */ = {isa = PBXFileReference; lastKnownFileType = sourcecode.swift; path = HorzScrollCards.swift; sourceTree = "<group>"; };
		ACE4566A249B204900BA755B /* Course.swift */ = {isa = PBXFileReference; lastKnownFileType = sourcecode.swift; path = Course.swift; sourceTree = "<group>"; };
		ACE4566C249B23F100BA755B /* CardView.swift */ = {isa = PBXFileReference; lastKnownFileType = sourcecode.swift; path = CardView.swift; sourceTree = "<group>"; };
/* End PBXFileReference section */

/* Begin PBXFrameworksBuildPhase section */
		ACADB7432499D5160049D5D1 /* Frameworks */ = {
			isa = PBXFrameworksBuildPhase;
			buildActionMask = 2147483647;
			files = (
			);
			runOnlyForDeploymentPostprocessing = 0;
		};
/* End PBXFrameworksBuildPhase section */

/* Begin PBXGroup section */
		AC302006249A948A0033890F /* Drawing and Animation */ = {
			isa = PBXGroup;
			children = (
				AC302007249A94A90033890F /* DrawAnimateView.swift */,
				AC302009249A95FA0033890F /* ShapesView.swift */,
				AC30200B249A96E40033890F /* PathView.swift */,
				AC30200D249A99AB0033890F /* AnimateView.swift */,
				AC30200F249AB6190033890F /* TranistionView.swift */,
			);
			path = "Drawing and Animation";
			sourceTree = "<group>";
		};
		AC302011249ABCA10033890F /* State */ = {
			isa = PBXGroup;
			children = (
				AC302012249ABCC20033890F /* ObserveObjectView.swift */,
				AC302014249ABCD10033890F /* EnviromentView.swift */,
			);
			path = State;
			sourceTree = "<group>";
		};
		AC8B3AAB249A89AF0066CFDB /* Forms */ = {
			isa = PBXGroup;
			children = (
				AC8B3AA9249A89350066CFDB /* FormView.swift */,
				ACADB75D2499DCA70049D5D1 /* ListsView.swift */,
			);
			path = Forms;
			sourceTree = "<group>";
		};
		AC8B3AAC249A89B50066CFDB /* List */ = {
			isa = PBXGroup;
			children = (
				AC8B3AA7249A88A00066CFDB /* GenericListView.swift */,
				AC8B3AA2249A852A0066CFDB /* ListDetailView.swift */,
			);
			path = List;
			sourceTree = "<group>";
		};
		AC8B3AAD249A89BB0066CFDB /* Alerts and Sheets */ = {
			isa = PBXGroup;
			children = (
				AC8B3A9E249A7BAD0066CFDB /* PresentationView.swift */,
				AC8B3AA0249A84420066CFDB /* FullSheetModal.swift */,
			);
			path = "Alerts and Sheets";
			sourceTree = "<group>";
		};
		ACADB73D2499D5160049D5D1 = {
			isa = PBXGroup;
			children = (
				ACADB7482499D5160049D5D1 /* SwiftUI Practice */,
				ACADB7472499D5160049D5D1 /* Products */,
			);
			sourceTree = "<group>";
		};
		ACADB7472499D5160049D5D1 /* Products */ = {
			isa = PBXGroup;
			children = (
				ACADB7462499D5160049D5D1 /* SwiftUI Practice.app */,
			);
			name = Products;
			sourceTree = "<group>";
		};
		ACADB7482499D5160049D5D1 /* SwiftUI Practice */ = {
			isa = PBXGroup;
			children = (
				ACE45669249B202D00BA755B /* Models */,
				ACADB7492499D5160049D5D1 /* AppDelegate.swift */,
				ACADB74B2499D5160049D5D1 /* SceneDelegate.swift */,
				AC8B3AA4249A860B0066CFDB /* HomeView.swift */,
				AC8B3AAB249A89AF0066CFDB /* Forms */,
				AC8B3AAC249A89B50066CFDB /* List */,
				ACADB7612499E8090049D5D1 /* tabViews */,
				AC8B3AAD249A89BB0066CFDB /* Alerts and Sheets */,
				AC302006249A948A0033890F /* Drawing and Animation */,
				AC302011249ABCA10033890F /* State */,
				ACE45666249B1F7C00BA755B /* Horizontal Scroll Cards */,
				ACADB7542499D5180049D5D1 /* LaunchScreen.storyboard */,
				ACADB74F2499D5180049D5D1 /* Assets.xcassets */,
				ACADB7572499D5180049D5D1 /* Info.plist */,
				ACADB7512499D5180049D5D1 /* Preview Content */,
			);
			path = "SwiftUI Practice";
			sourceTree = "<group>";
		};
		ACADB7512499D5180049D5D1 /* Preview Content */ = {
			isa = PBXGroup;
			children = (
				ACADB7522499D5180049D5D1 /* Preview Assets.xcassets */,
			);
			path = "Preview Content";
			sourceTree = "<group>";
		};
		ACADB7612499E8090049D5D1 /* tabViews */ = {
			isa = PBXGroup;
			children = (
				ACADB7662499E8330049D5D1 /* TabOneView.swift */,
				ACADB7682499E8430049D5D1 /* TabTwoView.swift */,
				ACADB76A2499EB9C0049D5D1 /* TabViews.swift */,
			);
			path = tabViews;
			sourceTree = "<group>";
		};
		ACE45666249B1F7C00BA755B /* Horizontal Scroll Cards */ = {
			isa = PBXGroup;
			children = (
				ACE45667249B1F9100BA755B /* HorzScrollCards.swift */,
				ACE4566C249B23F100BA755B /* CardView.swift */,
			);
			path = "Horizontal Scroll Cards";
			sourceTree = "<group>";
		};
		ACE45669249B202D00BA755B /* Models */ = {
			isa = PBXGroup;
			children = (
				ACE4566A249B204900BA755B /* Course.swift */,
			);
			path = Models;
			sourceTree = "<group>";
		};
/* End PBXGroup section */

/* Begin PBXNativeTarget section */
		ACADB7452499D5160049D5D1 /* SwiftUI Practice */ = {
			isa = PBXNativeTarget;
			buildConfigurationList = ACADB75A2499D5180049D5D1 /* Build configuration list for PBXNativeTarget "SwiftUI Practice" */;
			buildPhases = (
				ACADB7422499D5160049D5D1 /* Sources */,
				ACADB7432499D5160049D5D1 /* Frameworks */,
				ACADB7442499D5160049D5D1 /* Resources */,
			);
			buildRules = (
			);
			dependencies = (
			);
			name = "SwiftUI Practice";
			productName = "SwiftUI Practice";
			productReference = ACADB7462499D5160049D5D1 /* SwiftUI Practice.app */;
			productType = "com.apple.product-type.application";
		};
/* End PBXNativeTarget section */

/* Begin PBXProject section */
		ACADB73E2499D5160049D5D1 /* Project object */ = {
			isa = PBXProject;
			attributes = {
				LastSwiftUpdateCheck = 1150;
				LastUpgradeCheck = 1150;
				ORGANIZATIONNAME = "Kelly Douglass";
				TargetAttributes = {
					ACADB7452499D5160049D5D1 = {
						CreatedOnToolsVersion = 11.5;
					};
				};
			};
			buildConfigurationList = ACADB7412499D5160049D5D1 /* Build configuration list for PBXProject "SwiftUI Practice" */;
			compatibilityVersion = "Xcode 9.3";
			developmentRegion = en;
			hasScannedForEncodings = 0;
			knownRegions = (
				en,
				Base,
			);
			mainGroup = ACADB73D2499D5160049D5D1;
			productRefGroup = ACADB7472499D5160049D5D1 /* Products */;
			projectDirPath = "";
			projectRoot = "";
			targets = (
				ACADB7452499D5160049D5D1 /* SwiftUI Practice */,
			);
		};
/* End PBXProject section */

/* Begin PBXResourcesBuildPhase section */
		ACADB7442499D5160049D5D1 /* Resources */ = {
			isa = PBXResourcesBuildPhase;
			buildActionMask = 2147483647;
			files = (
				ACADB7562499D5180049D5D1 /* LaunchScreen.storyboard in Resources */,
				ACADB7532499D5180049D5D1 /* Preview Assets.xcassets in Resources */,
				ACADB7502499D5180049D5D1 /* Assets.xcassets in Resources */,
			);
			runOnlyForDeploymentPostprocessing = 0;
		};
/* End PBXResourcesBuildPhase section */

/* Begin PBXSourcesBuildPhase section */
		ACADB7422499D5160049D5D1 /* Sources */ = {
			isa = PBXSourcesBuildPhase;
			buildActionMask = 2147483647;
			files = (
				AC30200A249A95FA0033890F /* ShapesView.swift in Sources */,
				AC8B3AAA249A89350066CFDB /* FormView.swift in Sources */,
				AC8B3A9F249A7BAD0066CFDB /* PresentationView.swift in Sources */,
				ACADB7672499E8330049D5D1 /* TabOneView.swift in Sources */,
				ACADB74A2499D5160049D5D1 /* AppDelegate.swift in Sources */,
				AC302010249AB6190033890F /* TranistionView.swift in Sources */,
				ACADB74C2499D5160049D5D1 /* SceneDelegate.swift in Sources */,
				AC30200E249A99AB0033890F /* AnimateView.swift in Sources */,
				ACADB75E2499DCA70049D5D1 /* ListsView.swift in Sources */,
				AC8B3AA5249A860B0066CFDB /* HomeView.swift in Sources */,
				AC8B3AA8249A88A00066CFDB /* GenericListView.swift in Sources */,
				AC302015249ABCD10033890F /* EnviromentView.swift in Sources */,
				AC8B3AA1249A84420066CFDB /* FullSheetModal.swift in Sources */,
				AC30200C249A96E40033890F /* PathView.swift in Sources */,
				ACADB7692499E8430049D5D1 /* TabTwoView.swift in Sources */,
				ACE4566B249B204900BA755B /* Course.swift in Sources */,
				AC8B3AA3249A852A0066CFDB /* ListDetailView.swift in Sources */,
				AC302008249A94A90033890F /* DrawAnimateView.swift in Sources */,
				AC302013249ABCC20033890F /* ObserveObjectView.swift in Sources */,
				ACADB76B2499EB9C0049D5D1 /* TabViews.swift in Sources */,
				ACE4566D249B23F100BA755B /* CardView.swift in Sources */,
				ACE45668249B1F9100BA755B /* HorzScrollCards.swift in Sources */,
			);
			runOnlyForDeploymentPostprocessing = 0;
		};
/* End PBXSourcesBuildPhase section */

/* Begin PBXVariantGroup section */
		ACADB7542499D5180049D5D1 /* LaunchScreen.storyboard */ = {
			isa = PBXVariantGroup;
			children = (
				ACADB7552499D5180049D5D1 /* Base */,
			);
			name = LaunchScreen.storyboard;
			sourceTree = "<group>";
		};
/* End PBXVariantGroup section */

/* Begin XCBuildConfiguration section */
		ACADB7582499D5180049D5D1 /* Debug */ = {
			isa = XCBuildConfiguration;
			buildSettings = {
				ALWAYS_SEARCH_USER_PATHS = NO;
				CLANG_ANALYZER_NONNULL = YES;
				CLANG_ANALYZER_NUMBER_OBJECT_CONVERSION = YES_AGGRESSIVE;
				CLANG_CXX_LANGUAGE_STANDARD = "gnu++14";
				CLANG_CXX_LIBRARY = "libc++";
				CLANG_ENABLE_MODULES = YES;
				CLANG_ENABLE_OBJC_ARC = YES;
				CLANG_ENABLE_OBJC_WEAK = YES;
				CLANG_WARN_BLOCK_CAPTURE_AUTORELEASING = YES;
				CLANG_WARN_BOOL_CONVERSION = YES;
				CLANG_WARN_COMMA = YES;
				CLANG_WARN_CONSTANT_CONVERSION = YES;
				CLANG_WARN_DEPRECATED_OBJC_IMPLEMENTATIONS = YES;
				CLANG_WARN_DIRECT_OBJC_ISA_USAGE = YES_ERROR;
				CLANG_WARN_DOCUMENTATION_COMMENTS = YES;
				CLANG_WARN_EMPTY_BODY = YES;
				CLANG_WARN_ENUM_CONVERSION = YES;
				CLANG_WARN_INFINITE_RECURSION = YES;
				CLANG_WARN_INT_CONVERSION = YES;
				CLANG_WARN_NON_LITERAL_NULL_CONVERSION = YES;
				CLANG_WARN_OBJC_IMPLICIT_RETAIN_SELF = YES;
				CLANG_WARN_OBJC_LITERAL_CONVERSION = YES;
				CLANG_WARN_OBJC_ROOT_CLASS = YES_ERROR;
				CLANG_WARN_RANGE_LOOP_ANALYSIS = YES;
				CLANG_WARN_STRICT_PROTOTYPES = YES;
				CLANG_WARN_SUSPICIOUS_MOVE = YES;
				CLANG_WARN_UNGUARDED_AVAILABILITY = YES_AGGRESSIVE;
				CLANG_WARN_UNREACHABLE_CODE = YES;
				CLANG_WARN__DUPLICATE_METHOD_MATCH = YES;
				COPY_PHASE_STRIP = NO;
				DEBUG_INFORMATION_FORMAT = dwarf;
				ENABLE_STRICT_OBJC_MSGSEND = YES;
				ENABLE_TESTABILITY = YES;
				GCC_C_LANGUAGE_STANDARD = gnu11;
				GCC_DYNAMIC_NO_PIC = NO;
				GCC_NO_COMMON_BLOCKS = YES;
				GCC_OPTIMIZATION_LEVEL = 0;
				GCC_PREPROCESSOR_DEFINITIONS = (
					"DEBUG=1",
					"$(inherited)",
				);
				GCC_WARN_64_TO_32_BIT_CONVERSION = YES;
				GCC_WARN_ABOUT_RETURN_TYPE = YES_ERROR;
				GCC_WARN_UNDECLARED_SELECTOR = YES;
				GCC_WARN_UNINITIALIZED_AUTOS = YES_AGGRESSIVE;
				GCC_WARN_UNUSED_FUNCTION = YES;
				GCC_WARN_UNUSED_VARIABLE = YES;
				IPHONEOS_DEPLOYMENT_TARGET = 13.5;
				MTL_ENABLE_DEBUG_INFO = INCLUDE_SOURCE;
				MTL_FAST_MATH = YES;
				ONLY_ACTIVE_ARCH = YES;
				SDKROOT = iphoneos;
				SWIFT_ACTIVE_COMPILATION_CONDITIONS = DEBUG;
				SWIFT_OPTIMIZATION_LEVEL = "-Onone";
			};
			name = Debug;
		};
		ACADB7592499D5180049D5D1 /* Release */ = {
			isa = XCBuildConfiguration;
			buildSettings = {
				ALWAYS_SEARCH_USER_PATHS = NO;
				CLANG_ANALYZER_NONNULL = YES;
				CLANG_ANALYZER_NUMBER_OBJECT_CONVERSION = YES_AGGRESSIVE;
				CLANG_CXX_LANGUAGE_STANDARD = "gnu++14";
				CLANG_CXX_LIBRARY = "libc++";
				CLANG_ENABLE_MODULES = YES;
				CLANG_ENABLE_OBJC_ARC = YES;
				CLANG_ENABLE_OBJC_WEAK = YES;
				CLANG_WARN_BLOCK_CAPTURE_AUTORELEASING = YES;
				CLANG_WARN_BOOL_CONVERSION = YES;
				CLANG_WARN_COMMA = YES;
				CLANG_WARN_CONSTANT_CONVERSION = YES;
				CLANG_WARN_DEPRECATED_OBJC_IMPLEMENTATIONS = YES;
				CLANG_WARN_DIRECT_OBJC_ISA_USAGE = YES_ERROR;
				CLANG_WARN_DOCUMENTATION_COMMENTS = YES;
				CLANG_WARN_EMPTY_BODY = YES;
				CLANG_WARN_ENUM_CONVERSION = YES;
				CLANG_WARN_INFINITE_RECURSION = YES;
				CLANG_WARN_INT_CONVERSION = YES;
				CLANG_WARN_NON_LITERAL_NULL_CONVERSION = YES;
				CLANG_WARN_OBJC_IMPLICIT_RETAIN_SELF = YES;
				CLANG_WARN_OBJC_LITERAL_CONVERSION = YES;
				CLANG_WARN_OBJC_ROOT_CLASS = YES_ERROR;
				CLANG_WARN_RANGE_LOOP_ANALYSIS = YES;
				CLANG_WARN_STRICT_PROTOTYPES = YES;
				CLANG_WARN_SUSPICIOUS_MOVE = YES;
				CLANG_WARN_UNGUARDED_AVAILABILITY = YES_AGGRESSIVE;
				CLANG_WARN_UNREACHABLE_CODE = YES;
				CLANG_WARN__DUPLICATE_METHOD_MATCH = YES;
				COPY_PHASE_STRIP = NO;
				DEBUG_INFORMATION_FORMAT = "dwarf-with-dsym";
				ENABLE_NS_ASSERTIONS = NO;
				ENABLE_STRICT_OBJC_MSGSEND = YES;
				GCC_C_LANGUAGE_STANDARD = gnu11;
				GCC_NO_COMMON_BLOCKS = YES;
				GCC_WARN_64_TO_32_BIT_CONVERSION = YES;
				GCC_WARN_ABOUT_RETURN_TYPE = YES_ERROR;
				GCC_WARN_UNDECLARED_SELECTOR = YES;
				GCC_WARN_UNINITIALIZED_AUTOS = YES_AGGRESSIVE;
				GCC_WARN_UNUSED_FUNCTION = YES;
				GCC_WARN_UNUSED_VARIABLE = YES;
				IPHONEOS_DEPLOYMENT_TARGET = 13.5;
				MTL_ENABLE_DEBUG_INFO = NO;
				MTL_FAST_MATH = YES;
				SDKROOT = iphoneos;
				SWIFT_COMPILATION_MODE = wholemodule;
				SWIFT_OPTIMIZATION_LEVEL = "-O";
				VALIDATE_PRODUCT = YES;
			};
			name = Release;
		};
		ACADB75B2499D5180049D5D1 /* Debug */ = {
			isa = XCBuildConfiguration;
			buildSettings = {
				ASSETCATALOG_COMPILER_APPICON_NAME = AppIcon;
				CODE_SIGN_STYLE = Automatic;
				DEVELOPMENT_ASSET_PATHS = "\"SwiftUI Practice/Preview Content\"";
				DEVELOPMENT_TEAM = KZ243P8N8R;
				ENABLE_PREVIEWS = YES;
				INFOPLIST_FILE = "SwiftUI Practice/Info.plist";
				LD_RUNPATH_SEARCH_PATHS = (
					"$(inherited)",
					"@executable_path/Frameworks",
				);
				PRODUCT_BUNDLE_IDENTIFIER = "com.kellydouglass.SwiftUI-Practice";
				PRODUCT_NAME = "$(TARGET_NAME)";
				SWIFT_VERSION = 5.0;
				TARGETED_DEVICE_FAMILY = "1,2";
			};
			name = Debug;
		};
		ACADB75C2499D5180049D5D1 /* Release */ = {
			isa = XCBuildConfiguration;
			buildSettings = {
				ASSETCATALOG_COMPILER_APPICON_NAME = AppIcon;
				CODE_SIGN_STYLE = Automatic;
				DEVELOPMENT_ASSET_PATHS = "\"SwiftUI Practice/Preview Content\"";
				DEVELOPMENT_TEAM = KZ243P8N8R;
				ENABLE_PREVIEWS = YES;
				INFOPLIST_FILE = "SwiftUI Practice/Info.plist";
				LD_RUNPATH_SEARCH_PATHS = (
					"$(inherited)",
					"@executable_path/Frameworks",
				);
				PRODUCT_BUNDLE_IDENTIFIER = "com.kellydouglass.SwiftUI-Practice";
				PRODUCT_NAME = "$(TARGET_NAME)";
				SWIFT_VERSION = 5.0;
				TARGETED_DEVICE_FAMILY = "1,2";
			};
			name = Release;
		};
/* End XCBuildConfiguration section */

/* Begin XCConfigurationList section */
		ACADB7412499D5160049D5D1 /* Build configuration list for PBXProject "SwiftUI Practice" */ = {
			isa = XCConfigurationList;
			buildConfigurations = (
				ACADB7582499D5180049D5D1 /* Debug */,
				ACADB7592499D5180049D5D1 /* Release */,
			);
			defaultConfigurationIsVisible = 0;
			defaultConfigurationName = Release;
		};
		ACADB75A2499D5180049D5D1 /* Build configuration list for PBXNativeTarget "SwiftUI Practice" */ = {
			isa = XCConfigurationList;
			buildConfigurations = (
				ACADB75B2499D5180049D5D1 /* Debug */,
				ACADB75C2499D5180049D5D1 /* Release */,
			);
			defaultConfigurationIsVisible = 0;
			defaultConfigurationName = Release;
		};
/* End XCConfigurationList section */
	};
	rootObject = ACADB73E2499D5160049D5D1 /* Project object */;
}
